
Microsoft Visual Studio Solution File, Format Version 12.00
# Visual Studio 15
VisualStudioVersion = 15.0.27130.2010
MinimumVisualStudioVersion = 10.0.40219.1
Project("{9A19103F-16F7-4668-BE54-9A1E7A4F7556}") = "Vstk.Instrumentation.AspNetCore", "Vstk.Instrumentation.AspNetCore\Vstk.Instrumentation.AspNetCore.csproj", "{B2625724-7BC3-4E95-AF0D-A422A7083A17}"
EndProject
Global
	GlobalSection(SolutionConfigurationPlatforms) = preSolution
		Debug|Any CPU = Debug|Any CPU
		Release|Any CPU = Release|Any CPU
	EndGlobalSection
	GlobalSection(ProjectConfigurationPlatforms) = postSolution
		{B2625724-7BC3-4E95-AF0D-A422A7083A17}.Debug|Any CPU.ActiveCfg = Debug|Any CPU
		{B2625724-7BC3-4E95-AF0D-A422A7083A17}.Debug|Any CPU.Build.0 = Debug|Any CPU
		{B2625724-7BC3-4E95-AF0D-A422A7083A17}.Release|Any CPU.ActiveCfg = Release|Any CPU
		{B2625724-7BC3-4E95-AF0D-A422A7083A17}.Release|Any CPU.Build.0 = Release|Any CPU
	EndGlobalSection
	GlobalSection(SolutionProperties) = preSolution
		HideSolutionNode = FALSE
	EndGlobalSection
	GlobalSection(ExtensibilityGlobals) = postSolution
		SolutionGuid = {0FD2A3D4-B0AF-4FAE-8B84-B4BCFD9CBDF5}
	EndGlobalSection
EndGlobal
